// !$*UTF8*$!
{
	archiveVersion = 1;
	classes = {
	};
	objectVersion = 50;
	objects = {

/* Begin PBXBuildFile section */
		7575B7DC2237969500AF55AE /* AppDelegate.swift in Sources */ = {isa = PBXBuildFile; fileRef = 7575B7DB2237969500AF55AE /* AppDelegate.swift */; };
		7575B7DE2237969500AF55AE /* ViewController.swift in Sources */ = {isa = PBXBuildFile; fileRef = 7575B7DD2237969500AF55AE /* ViewController.swift */; };
		7575B7E12237969500AF55AE /* Main.storyboard in Resources */ = {isa = PBXBuildFile; fileRef = 7575B7DF2237969500AF55AE /* Main.storyboard */; };
		7575B7E32237969700AF55AE /* Assets.xcassets in Resources */ = {isa = PBXBuildFile; fileRef = 7575B7E22237969700AF55AE /* Assets.xcassets */; };
		7575B7E62237969700AF55AE /* LaunchScreen.storyboard in Resources */ = {isa = PBXBuildFile; fileRef = 7575B7E42237969700AF55AE /* LaunchScreen.storyboard */; };
		7575B7EF2237A52900AF55AE /* GrowingCell.swift in Sources */ = {isa = PBXBuildFile; fileRef = 7575B7ED2237A52900AF55AE /* GrowingCell.swift */; };
		7575B7F02237A52900AF55AE /* GrowingCell.xib in Resources */ = {isa = PBXBuildFile; fileRef = 7575B7EE2237A52900AF55AE /* GrowingCell.xib */; };
/* End PBXBuildFile section */

/* Begin PBXFileReference section */
		7575B7D82237969500AF55AE /* GrowingCellTextView.app */ = {isa = PBXFileReference; explicitFileType = wrapper.application; includeInIndex = 0; path = GrowingCellTextView.app; sourceTree = BUILT_PRODUCTS_DIR; };
		7575B7DB2237969500AF55AE /* AppDelegate.swift */ = {isa = PBXFileReference; lastKnownFileType = sourcecode.swift; path = AppDelegate.swift; sourceTree = "<group>"; };
		7575B7DD2237969500AF55AE /* ViewController.swift */ = {isa = PBXFileReference; lastKnownFileType = sourcecode.swift; path = ViewController.swift; sourceTree = "<group>"; };
		7575B7E02237969500AF55AE /* Base */ = {isa = PBXFileReference; lastKnownFileType = file.storyboard; name = Base; path = Base.lproj/Main.storyboard; sourceTree = "<group>"; };
		7575B7E22237969700AF55AE /* Assets.xcassets */ = {isa = PBXFileReference; lastKnownFileType = folder.assetcatalog; path = Assets.xcassets; sourceTree = "<group>"; };
		7575B7E52237969700AF55AE /* Base */ = {isa = PBXFileReference; lastKnownFileType = file.storyboard; name = Base; path = Base.lproj/LaunchScreen.storyboard; sourceTree = "<group>"; };
		7575B7E72237969700AF55AE /* Info.plist */ = {isa = PBXFileReference; lastKnownFileType = text.plist.xml; path = Info.plist; sourceTree = "<group>"; };
		7575B7ED2237A52900AF55AE /* GrowingCell.swift */ = {isa = PBXFileReference; lastKnownFileType = sourcecode.swift; path = GrowingCell.swift; sourceTree = "<group>"; };
		7575B7EE2237A52900AF55AE /* GrowingCell.xib */ = {isa = PBXFileReference; lastKnownFileType = file.xib; path = GrowingCell.xib; sourceTree = "<group>"; };
/* End PBXFileReference section */

/* Begin PBXFrameworksBuildPhase section */
		7575B7D52237969500AF55AE /* Frameworks */ = {
			isa = PBXFrameworksBuildPhase;
			buildActionMask = 2147483647;
			files = (
			);
			runOnlyForDeploymentPostprocessing = 0;
		};
/* End PBXFrameworksBuildPhase section */

/* Begin PBXGroup section */
		7575B7CF2237969500AF55AE = {
			isa = PBXGroup;
			children = (
				7575B7DA2237969500AF55AE /* GrowingCellTextView */,
				7575B7D92237969500AF55AE /* Products */,
			);
			sourceTree = "<group>";
		};
		7575B7D92237969500AF55AE /* Products */ = {
			isa = PBXGroup;
			children = (
				7575B7D82237969500AF55AE /* GrowingCellTextView.app */,
			);
			name = Products;
			sourceTree = "<group>";
		};
		7575B7DA2237969500AF55AE /* GrowingCellTextView */ = {
			isa = PBXGroup;
			children = (
				7575B7DB2237969500AF55AE /* AppDelegate.swift */,
				7575B7DD2237969500AF55AE /* ViewController.swift */,
				7575B7ED2237A52900AF55AE /* GrowingCell.swift */,
				7575B7EE2237A52900AF55AE /* GrowingCell.xib */,
				7575B7DF2237969500AF55AE /* Main.storyboard */,
				7575B7E22237969700AF55AE /* Assets.xcassets */,
				7575B7E42237969700AF55AE /* LaunchScreen.storyboard */,
				7575B7E72237969700AF55AE /* Info.plist */,
			);
			path = GrowingCellTextView;
			sourceTree = "<group>";
		};
/* End PBXGroup section */

/* Begin PBXNativeTarget section */
		7575B7D72237969500AF55AE /* GrowingCellTextView */ = {
			isa = PBXNativeTarget;
			buildConfigurationList = 7575B7EA2237969700AF55AE /* Build configuration list for PBXNativeTarget "GrowingCellTextView" */;
			buildPhases = (
				7575B7D42237969500AF55AE /* Sources */,
				7575B7D52237969500AF55AE /* Frameworks */,
				7575B7D62237969500AF55AE /* Resources */,
			);
			buildRules = (
			);
			dependencies = (
			);
			name = GrowingCellTextView;
			productName = GrowingCellTextView;
			productReference = 7575B7D82237969500AF55AE /* GrowingCellTextView.app */;
			productType = "com.apple.product-type.application";
		};
/* End PBXNativeTarget section */

/* Begin PBXProject section */
		7575B7D02237969500AF55AE /* Project object */ = {
			isa = PBXProject;
			attributes = {
				LastSwiftUpdateCheck = 1010;
				LastUpgradeCheck = 1010;
				ORGANIZATIONNAME = SwiftDevCenter;
				TargetAttributes = {
					7575B7D72237969500AF55AE = {
						CreatedOnToolsVersion = 10.1;
					};
				};
			};
			buildConfigurationList = 7575B7D32237969500AF55AE /* Build configuration list for PBXProject "GrowingCellTextView" */;
			compatibilityVersion = "Xcode 9.3";
			developmentRegion = en;
			hasScannedForEncodings = 0;
			knownRegions = (
				en,
				Base,
			);
			mainGroup = 7575B7CF2237969500AF55AE;
			productRefGroup = 7575B7D92237969500AF55AE /* Products */;
			projectDirPath = "";
			projectRoot = "";
			targets = (
				7575B7D72237969500AF55AE /* GrowingCellTextView */,
			);
		};
/* End PBXProject section */

/* Begin PBXResourcesBuildPhase section */
		7575B7D62237969500AF55AE /* Resources */ = {
			isa = PBXResourcesBuildPhase;
			buildActionMask = 2147483647;
			files = (
				7575B7E62237969700AF55AE /* LaunchScreen.storyboard in Resources */,
				7575B7F02237A52900AF55AE /* GrowingCell.xib in Resources */,
				7575B7E32237969700AF55AE /* Assets.xcassets in Resources */,
				7575B7E12237969500AF55AE /* Main.storyboard in Resources */,
			);
			runOnlyForDeploymentPostprocessing = 0;
		};
/* End PBXResourcesBuildPhase section */

/* Begin PBXSourcesBuildPhase section */
		7575B7D42237969500AF55AE /* Sources */ = {
			isa = PBXSourcesBuildPhase;
			buildActionMask = 2147483647;
			files = (
				7575B7EF2237A52900AF55AE /* GrowingCell.swift in Sources */,
				7575B7DE2237969500AF55AE /* ViewController.swift in Sources */,
				7575B7DC2237969500AF55AE /* AppDelegate.swift in Sources */,
			);
			runOnlyForDeploymentPostprocessing = 0;
		};
/* End PBXSourcesBuildPhase section */

/* Begin PBXVariantGroup section */
		7575B7DF2237969500AF55AE /* Main.storyboard */ = {
			isa = PBXVariantGroup;
			children = (
				7575B7E02237969500AF55AE /* Base */,
			);
			name = Main.storyboard;
			sourceTree = "<group>";
		};
		7575B7E42237969700AF55AE /* LaunchScreen.storyboard */ = {
			isa = PBXVariantGroup;
			children = (
				7575B7E52237969700AF55AE /* Base */,
			);
			name = LaunchScreen.storyboard;
			sourceTree = "<group>";
		};
/* End PBXVariantGroup section */

/* Begin XCBuildConfiguration section */
		7575B7E82237969700AF55AE /* Debug */ = {
			isa = XCBuildConfiguration;
			buildSettings = {
				ALWAYS_SEARCH_USER_PATHS = NO;
				CLANG_ANALYZER_NONNULL = YES;
				CLANG_ANALYZER_NUMBER_OBJECT_CONVERSION = YES_AGGRESSIVE;
				CLANG_CXX_LANGUAGE_STANDARD = "gnu++14";
				CLANG_CXX_LIBRARY = "libc++";
				CLANG_ENABLE_MODULES = YES;
				CLANG_ENABLE_OBJC_ARC = YES;
				CLANG_ENABLE_OBJC_WEAK = YES;
				CLANG_WARN_BLOCK_CAPTURE_AUTORELEASING = YES;
				CLANG_WARN_BOOL_CONVERSION = YES;
				CLANG_WARN_COMMA = YES;
				CLANG_WARN_CONSTANT_CONVERSION = YES;
				CLANG_WARN_DEPRECATED_OBJC_IMPLEMENTATIONS = YES;
				CLANG_WARN_DIRECT_OBJC_ISA_USAGE = YES_ERROR;
				CLANG_WARN_DOCUMENTATION_COMMENTS = YES;
				CLANG_WARN_EMPTY_BODY = YES;
				CLANG_WARN_ENUM_CONVERSION = YES;
				CLANG_WARN_INFINITE_RECURSION = YES;
				CLANG_WARN_INT_CONVERSION = YES;
				CLANG_WARN_NON_LITERAL_NULL_CONVERSION = YES;
				CLANG_WARN_OBJC_IMPLICIT_RETAIN_SELF = YES;
				CLANG_WARN_OBJC_LITERAL_CONVERSION = YES;
				CLANG_WARN_OBJC_ROOT_CLASS = YES_ERROR;
				CLANG_WARN_RANGE_LOOP_ANALYSIS = YES;
				CLANG_WARN_STRICT_PROTOTYPES = YES;
				CLANG_WARN_SUSPICIOUS_MOVE = YES;
				CLANG_WARN_UNGUARDED_AVAILABILITY = YES_AGGRESSIVE;
				CLANG_WARN_UNREACHABLE_CODE = YES;
				CLANG_WARN__DUPLICATE_METHOD_MATCH = YES;
				CODE_SIGN_IDENTITY = "iPhone Developer";
				COPY_PHASE_STRIP = NO;
				DEBUG_INFORMATION_FORMAT = dwarf;
				ENABLE_STRICT_OBJC_MSGSEND = YES;
				ENABLE_TESTABILITY = YES;
				GCC_C_LANGUAGE_STANDARD = gnu11;
				GCC_DYNAMIC_NO_PIC = NO;
				GCC_NO_COMMON_BLOCKS = YES;
				GCC_OPTIMIZATION_LEVEL = 0;
				GCC_PREPROCESSOR_DEFINITIONS = (
					"DEBUG=1",
					"$(inherited)",
				);
				GCC_WARN_64_TO_32_BIT_CONVERSION = YES;
				GCC_WARN_ABOUT_RETURN_TYPE = YES_ERROR;
				GCC_WARN_UNDECLARED_SELECTOR = YES;
				GCC_WARN_UNINITIALIZED_AUTOS = YES_AGGRESSIVE;
				GCC_WARN_UNUSED_FUNCTION = YES;
				GCC_WARN_UNUSED_VARIABLE = YES;
				IPHONEOS_DEPLOYMENT_TARGET = 12.1;
				MTL_ENABLE_DEBUG_INFO = INCLUDE_SOURCE;
				MTL_FAST_MATH = YES;
				ONLY_ACTIVE_ARCH = YES;
				SDKROOT = iphoneos;
				SWIFT_ACTIVE_COMPILATION_CONDITIONS = DEBUG;
				SWIFT_OPTIMIZATION_LEVEL = "-Onone";
			};
			name = Debug;
		};
		7575B7E92237969700AF55AE /* Release */ = {
			isa = XCBuildConfiguration;
			buildSettings = {
				ALWAYS_SEARCH_USER_PATHS = NO;
				CLANG_ANALYZER_NONNULL = YES;
				CLANG_ANALYZER_NUMBER_OBJECT_CONVERSION = YES_AGGRESSIVE;
				CLANG_CXX_LANGUAGE_STANDARD = "gnu++14";
				CLANG_CXX_LIBRARY = "libc++";
				CLANG_ENABLE_MODULES = YES;
				CLANG_ENABLE_OBJC_ARC = YES;
				CLANG_ENABLE_OBJC_WEAK = YES;
				CLANG_WARN_BLOCK_CAPTURE_AUTORELEASING = YES;
				CLANG_WARN_BOOL_CONVERSION = YES;
				CLANG_WARN_COMMA = YES;
				CLANG_WARN_CONSTANT_CONVERSION = YES;
				CLANG_WARN_DEPRECATED_OBJC_IMPLEMENTATIONS = YES;
				CLANG_WARN_DIRECT_OBJC_ISA_USAGE = YES_ERROR;
				CLANG_WARN_DOCUMENTATION_COMMENTS = YES;
				CLANG_WARN_EMPTY_BODY = YES;
				CLANG_WARN_ENUM_CONVERSION = YES;
				CLANG_WARN_INFINITE_RECURSION = YES;
				CLANG_WARN_INT_CONVERSION = YES;
				CLANG_WARN_NON_LITERAL_NULL_CONVERSION = YES;
				CLANG_WARN_OBJC_IMPLICIT_RETAIN_SELF = YES;
				CLANG_WARN_OBJC_LITERAL_CONVERSION = YES;
				CLANG_WARN_OBJC_ROOT_CLASS = YES_ERROR;
				CLANG_WARN_RANGE_LOOP_ANALYSIS = YES;
				CLANG_WARN_STRICT_PROTOTYPES = YES;
				CLANG_WARN_SUSPICIOUS_MOVE = YES;
				CLANG_WARN_UNGUARDED_AVAILABILITY = YES_AGGRESSIVE;
				CLANG_WARN_UNREACHABLE_CODE = YES;
				CLANG_WARN__DUPLICATE_METHOD_MATCH = YES;
				CODE_SIGN_IDENTITY = "iPhone Developer";
				COPY_PHASE_STRIP = NO;
				DEBUG_INFORMATION_FORMAT = "dwarf-with-dsym";
				ENABLE_NS_ASSERTIONS = NO;
				ENABLE_STRICT_OBJC_MSGSEND = YES;
				GCC_C_LANGUAGE_STANDARD = gnu11;
				GCC_NO_COMMON_BLOCKS = YES;
				GCC_WARN_64_TO_32_BIT_CONVERSION = YES;
				GCC_WARN_ABOUT_RETURN_TYPE = YES_ERROR;
				GCC_WARN_UNDECLARED_SELECTOR = YES;
				GCC_WARN_UNINITIALIZED_AUTOS = YES_AGGRESSIVE;
				GCC_WARN_UNUSED_FUNCTION = YES;
				GCC_WARN_UNUSED_VARIABLE = YES;
				IPHONEOS_DEPLOYMENT_TARGET = 12.1;
				MTL_ENABLE_DEBUG_INFO = NO;
				MTL_FAST_MATH = YES;
				SDKROOT = iphoneos;
				SWIFT_COMPILATION_MODE = wholemodule;
				SWIFT_OPTIMIZATION_LEVEL = "-O";
				VALIDATE_PRODUCT = YES;
			};
			name = Release;
		};
		7575B7EB2237969700AF55AE /* Debug */ = {
			isa = XCBuildConfiguration;
			buildSettings = {
				ASSETCATALOG_COMPILER_APPICON_NAME = AppIcon;
				CODE_SIGN_STYLE = Automatic;
				INFOPLIST_FILE = GrowingCellTextView/Info.plist;
				LD_RUNPATH_SEARCH_PATHS = (
					"$(inherited)",
					"@executable_path/Frameworks",
				);
				PRODUCT_BUNDLE_IDENTIFIER = "com.-GrowingCellTextView.GrowingCellTextView";
				PRODUCT_NAME = "$(TARGET_NAME)";
				SWIFT_VERSION = 4.2;
				TARGETED_DEVICE_FAMILY = "1,2";
			};
			name = Debug;
		};
		7575B7EC2237969700AF55AE /* Release */ = {
			isa = XCBuildConfiguration;
			buildSettings = {
				ASSETCATALOG_COMPILER_APPICON_NAME = AppIcon;
				CODE_SIGN_STYLE = Automatic;
				INFOPLIST_FILE = GrowingCellTextView/Info.plist;
				LD_RUNPATH_SEARCH_PATHS = (
					"$(inherited)",
					"@executable_path/Frameworks",
				);
				PRODUCT_BUNDLE_IDENTIFIER = "com.-GrowingCellTextView.GrowingCellTextView";
				PRODUCT_NAME = "$(TARGET_NAME)";
				SWIFT_VERSION = 4.2;
				TARGETED_DEVICE_FAMILY = "1,2";
			};
			name = Release;
		};
/* End XCBuildConfiguration section */

/* Begin XCConfigurationList section */
		7575B7D32237969500AF55AE /* Build configuration list for PBXProject "GrowingCellTextView" */ = {
			isa = XCConfigurationList;
			buildConfigurations = (
				7575B7E82237969700AF55AE /* Debug */,
				7575B7E92237969700AF55AE /* Release */,
			);
			defaultConfigurationIsVisible = 0;
			defaultConfigurationName = Release;
		};
		7575B7EA2237969700AF55AE /* Build configuration list for PBXNativeTarget "GrowingCellTextView" */ = {
			isa = XCConfigurationList;
			buildConfigurations = (
				7575B7EB2237969700AF55AE /* Debug */,
				7575B7EC2237969700AF55AE /* Release */,
			);
			defaultConfigurationIsVisible = 0;
			defaultConfigurationName = Release;
		};
/* End XCConfigurationList section */
	};
	rootObject = 7575B7D02237969500AF55AE /* Project object */;
}
